
Microsoft Visual Studio Solution File, Format Version 12.00
# Visual Studio Version 17
VisualStudioVersion = 17.4.33122.133
MinimumVisualStudioVersion = 10.0.40219.1
Project("{FAE04EC0-301F-11D3-BF4B-00C04F79EFBC}") = "OnlineShop", "OnlineShop\OnlineShop.csproj", "{84F9EF18-ACC8-40C4-B63B-7B5E2FC3BCF4}"
EndProject
Global
	GlobalSection(SolutionConfigurationPlatforms) = preSolution
		Debug|Any CPU = Debug|Any CPU
		Release|Any CPU = Release|Any CPU
	EndGlobalSection
	GlobalSection(ProjectConfigurationPlatforms) = postSolution
		{84F9EF18-ACC8-40C4-B63B-7B5E2FC3BCF4}.Debug|Any CPU.ActiveCfg = Debug|Any CPU
		{84F9EF18-ACC8-40C4-B63B-7B5E2FC3BCF4}.Debug|Any CPU.Build.0 = Debug|Any CPU
		{84F9EF18-ACC8-40C4-B63B-7B5E2FC3BCF4}.Release|Any CPU.ActiveCfg = Release|Any CPU
		{84F9EF18-ACC8-40C4-B63B-7B5E2FC3BCF4}.Release|Any CPU.Build.0 = Release|Any CPU
	EndGlobalSection
	GlobalSection(SolutionProperties) = preSolution
		HideSolutionNode = FALSE
	EndGlobalSection
	GlobalSection(ExtensibilityGlobals) = postSolution
		SolutionGuid = {5BF8D2FF-C43D-40E1-BD73-CB65ADB6C48B}
	EndGlobalSection
EndGlobal
